# This file is automatically @generated by Cargo.
# It is not intended for manual editing.
version = 4

[[package]]
name = "ropey"
version = "2.0.0-beta.1"
source = "registry+https://github.com/rust-lang/crates.io-index"
checksum = "4045a00dc327d084a2bbf126976e14125b54f23bd30511d45b842eba76c52d74"
dependencies = [
 "str_indices",
]

[[package]]
name = "str_indices"
version = "0.4.4"
source = "registry+https://github.com/rust-lang/crates.io-index"
checksum = "d08889ec5408683408db66ad89e0e1f93dff55c73a4ccc71c427d5b277ee47e6"

[[package]]
name = "unicode-segmentation"
version = "1.13.3"
source = "registry+https://github.com/rust-lang/crates.io-index"
checksum = "c6f5d3c3b1bf09027a88a6bc961fc00497d651009560b5463668dc81b0fa87a8"

[[package]]
name = "vici"
version = "0.1.0"
dependencies = [
 "ropey",
 "unicode-segmentation",
]
